// !$*UTF8*$!
{
	archiveVersion = 1;
	classes = {
	};
	objectVersion = 50;
	objects = {

/* Begin PBXBuildFile section */
		761693C526F9F66F00D56704 /* AppDelegate.swift in Sources */ = {isa = PBXBuildFile; fileRef = 761693C426F9F66F00D56704 /* AppDelegate.swift */; };
		761693C726F9F66F00D56704 /* SceneDelegate.swift in Sources */ = {isa = PBXBuildFile; fileRef = 761693C626F9F66F00D56704 /* SceneDelegate.swift */; };
		761693CE26F9F67300D56704 /* Assets.xcassets in Resources */ = {isa = PBXBuildFile; fileRef = 761693CD26F9F67300D56704 /* Assets.xcassets */; };
		761693D126F9F67300D56704 /* LaunchScreen.storyboard in Resources */ = {isa = PBXBuildFile; fileRef = 761693CF26F9F67300D56704 /* LaunchScreen.storyboard */; };
		761693E326F9F77700D56704 /* MovieDetailsViewController.storyboard in Resources */ = {isa = PBXBuildFile; fileRef = 761693E226F9F77700D56704 /* MovieDetailsViewController.storyboard */; };
		761693EB26FA54E300D56704 /* MovieDetailsViewController.swift in Sources */ = {isa = PBXBuildFile; fileRef = 761693E726FA54E300D56704 /* MovieDetailsViewController.swift */; };
/* End PBXBuildFile section */

/* Begin PBXFileReference section */
		761693C126F9F66F00D56704 /* Favorite Movies.app */ = {isa = PBXFileReference; explicitFileType = wrapper.application; includeInIndex = 0; path = "Favorite Movies.app"; sourceTree = BUILT_PRODUCTS_DIR; };
		761693C426F9F66F00D56704 /* AppDelegate.swift */ = {isa = PBXFileReference; lastKnownFileType = sourcecode.swift; path = AppDelegate.swift; sourceTree = "<group>"; };
		761693C626F9F66F00D56704 /* SceneDelegate.swift */ = {isa = PBXFileReference; lastKnownFileType = sourcecode.swift; path = SceneDelegate.swift; sourceTree = "<group>"; };
		761693CD26F9F67300D56704 /* Assets.xcassets */ = {isa = PBXFileReference; lastKnownFileType = folder.assetcatalog; path = Assets.xcassets; sourceTree = "<group>"; };
		761693D026F9F67300D56704 /* Base */ = {isa = PBXFileReference; lastKnownFileType = file.storyboard; name = Base; path = Base.lproj/LaunchScreen.storyboard; sourceTree = "<group>"; };
		761693D226F9F67300D56704 /* Info.plist */ = {isa = PBXFileReference; lastKnownFileType = text.plist.xml; path = Info.plist; sourceTree = "<group>"; };
		761693E226F9F77700D56704 /* MovieDetailsViewController.storyboard */ = {isa = PBXFileReference; lastKnownFileType = file.storyboard; path = MovieDetailsViewController.storyboard; sourceTree = "<group>"; };
		761693E726FA54E300D56704 /* MovieDetailsViewController.swift */ = {isa = PBXFileReference; fileEncoding = 4; lastKnownFileType = sourcecode.swift; path = MovieDetailsViewController.swift; sourceTree = "<group>"; };
/* End PBXFileReference section */

/* Begin PBXFrameworksBuildPhase section */
		761693BE26F9F66F00D56704 /* Frameworks */ = {
			isa = PBXFrameworksBuildPhase;
			buildActionMask = 2147483647;
			files = (
			);
			runOnlyForDeploymentPostprocessing = 0;
		};
/* End PBXFrameworksBuildPhase section */

/* Begin PBXGroup section */
		761693B826F9F66F00D56704 = {
			isa = PBXGroup;
			children = (
				761693C326F9F66F00D56704 /* Favorite Movies */,
				761693C226F9F66F00D56704 /* Products */,
			);
			sourceTree = "<group>";
		};
		761693C226F9F66F00D56704 /* Products */ = {
			isa = PBXGroup;
			children = (
				761693C126F9F66F00D56704 /* Favorite Movies.app */,
			);
			name = Products;
			sourceTree = "<group>";
		};
		761693C326F9F66F00D56704 /* Favorite Movies */ = {
			isa = PBXGroup;
			children = (
				761693E226F9F77700D56704 /* MovieDetailsViewController.storyboard */,
				761693E726FA54E300D56704 /* MovieDetailsViewController.swift */,
				761693C426F9F66F00D56704 /* AppDelegate.swift */,
				761693C626F9F66F00D56704 /* SceneDelegate.swift */,
				761693CD26F9F67300D56704 /* Assets.xcassets */,
				761693CF26F9F67300D56704 /* LaunchScreen.storyboard */,
				761693D226F9F67300D56704 /* Info.plist */,
			);
			path = "Favorite Movies";
			sourceTree = "<group>";
		};
/* End PBXGroup section */

/* Begin PBXNativeTarget section */
		761693C026F9F66F00D56704 /* Favorite Movies */ = {
			isa = PBXNativeTarget;
			buildConfigurationList = 761693D526F9F67300D56704 /* Build configuration list for PBXNativeTarget "Favorite Movies" */;
			buildPhases = (
				761693BD26F9F66F00D56704 /* Sources */,
				761693BE26F9F66F00D56704 /* Frameworks */,
				761693BF26F9F66F00D56704 /* Resources */,
			);
			buildRules = (
			);
			dependencies = (
			);
			name = "Favorite Movies";
			productName = "Favorite Movies";
			productReference = 761693C126F9F66F00D56704 /* Favorite Movies.app */;
			productType = "com.apple.product-type.application";
		};
/* End PBXNativeTarget section */

/* Begin PBXProject section */
		761693B926F9F66F00D56704 /* Project object */ = {
			isa = PBXProject;
			attributes = {
				LastSwiftUpdateCheck = 1250;
				LastUpgradeCheck = 1250;
				TargetAttributes = {
					761693C026F9F66F00D56704 = {
						CreatedOnToolsVersion = 12.5;
					};
				};
			};
			buildConfigurationList = 761693BC26F9F66F00D56704 /* Build configuration list for PBXProject "Favorite Movies" */;
			compatibilityVersion = "Xcode 9.3";
			developmentRegion = en;
			hasScannedForEncodings = 0;
			knownRegions = (
				en,
				Base,
			);
			mainGroup = 761693B826F9F66F00D56704;
			productRefGroup = 761693C226F9F66F00D56704 /* Products */;
			projectDirPath = "";
			projectRoot = "";
			targets = (
				761693C026F9F66F00D56704 /* Favorite Movies */,
			);
		};
/* End PBXProject section */

/* Begin PBXResourcesBuildPhase section */
		761693BF26F9F66F00D56704 /* Resources */ = {
			isa = PBXResourcesBuildPhase;
			buildActionMask = 2147483647;
			files = (
				761693D126F9F67300D56704 /* LaunchScreen.storyboard in Resources */,
				761693E326F9F77700D56704 /* MovieDetailsViewController.storyboard in Resources */,
				761693CE26F9F67300D56704 /* Assets.xcassets in Resources */,
			);
			runOnlyForDeploymentPostprocessing = 0;
		};
/* End PBXResourcesBuildPhase section */

/* Begin PBXSourcesBuildPhase section */
		761693BD26F9F66F00D56704 /* Sources */ = {
			isa = PBXSourcesBuildPhase;
			buildActionMask = 2147483647;
			files = (
				761693EB26FA54E300D56704 /* MovieDetailsViewController.swift in Sources */,
				761693C526F9F66F00D56704 /* AppDelegate.swift in Sources */,
				761693C726F9F66F00D56704 /* SceneDelegate.swift in Sources */,
			);
			runOnlyForDeploymentPostprocessing = 0;
		};
/* End PBXSourcesBuildPhase section */

/* Begin PBXVariantGroup section */
		761693CF26F9F67300D56704 /* LaunchScreen.storyboard */ = {
			isa = PBXVariantGroup;
			children = (
				761693D026F9F67300D56704 /* Base */,
			);
			name = LaunchScreen.storyboard;
			sourceTree = "<group>";
		};
/* End PBXVariantGroup section */

/* Begin XCBuildConfiguration section */
		761693D326F9F67300D56704 /* Debug */ = {
			isa = XCBuildConfiguration;
			buildSettings = {
				ALWAYS_SEARCH_USER_PATHS = NO;
				CLANG_ANALYZER_NONNULL = YES;
				CLANG_ANALYZER_NUMBER_OBJECT_CONVERSION = YES_AGGRESSIVE;
				CLANG_CXX_LANGUAGE_STANDARD = "gnu++14";
				CLANG_CXX_LIBRARY = "libc++";
				CLANG_ENABLE_MODULES = YES;
				CLANG_ENABLE_OBJC_ARC = YES;
				CLANG_ENABLE_OBJC_WEAK = YES;
				CLANG_WARN_BLOCK_CAPTURE_AUTORELEASING = YES;
				CLANG_WARN_BOOL_CONVERSION = YES;
				CLANG_WARN_COMMA = YES;
				CLANG_WARN_CONSTANT_CONVERSION = YES;
				CLANG_WARN_DEPRECATED_OBJC_IMPLEMENTATIONS = YES;
				CLANG_WARN_DIRECT_OBJC_ISA_USAGE = YES_ERROR;
				CLANG_WARN_DOCUMENTATION_COMMENTS = YES;
				CLANG_WARN_EMPTY_BODY = YES;
				CLANG_WARN_ENUM_CONVERSION = YES;
				CLANG_WARN_INFINITE_RECURSION = YES;
				CLANG_WARN_INT_CONVERSION = YES;
				CLANG_WARN_NON_LITERAL_NULL_CONVERSION = YES;
				CLANG_WARN_OBJC_IMPLICIT_RETAIN_SELF = YES;
				CLANG_WARN_OBJC_LITERAL_CONVERSION = YES;
				CLANG_WARN_OBJC_ROOT_CLASS = YES_ERROR;
				CLANG_WARN_QUOTED_INCLUDE_IN_FRAMEWORK_HEADER = YES;
				CLANG_WARN_RANGE_LOOP_ANALYSIS = YES;
				CLANG_WARN_STRICT_PROTOTYPES = YES;
				CLANG_WARN_SUSPICIOUS_MOVE = YES;
				CLANG_WARN_UNGUARDED_AVAILABILITY = YES_AGGRESSIVE;
				CLANG_WARN_UNREACHABLE_CODE = YES;
				CLANG_WARN__DUPLICATE_METHOD_MATCH = YES;
				COPY_PHASE_STRIP = NO;
				DEBUG_INFORMATION_FORMAT = dwarf;
				ENABLE_STRICT_OBJC_MSGSEND = YES;
				ENABLE_TESTABILITY = YES;
				GCC_C_LANGUAGE_STANDARD = gnu11;
				GCC_DYNAMIC_NO_PIC = NO;
				GCC_NO_COMMON_BLOCKS = YES;
				GCC_OPTIMIZATION_LEVEL = 0;
				GCC_PREPROCESSOR_DEFINITIONS = (
					"DEBUG=1",
					"$(inherited)",
				);
				GCC_WARN_64_TO_32_BIT_CONVERSION = YES;
				GCC_WARN_ABOUT_RETURN_TYPE = YES_ERROR;
				GCC_WARN_UNDECLARED_SELECTOR = YES;
				GCC_WARN_UNINITIALIZED_AUTOS = YES_AGGRESSIVE;
				GCC_WARN_UNUSED_FUNCTION = YES;
				GCC_WARN_UNUSED_VARIABLE = YES;
				IPHONEOS_DEPLOYMENT_TARGET = 14.5;
				MTL_ENABLE_DEBUG_INFO = INCLUDE_SOURCE;
				MTL_FAST_MATH = YES;
				ONLY_ACTIVE_ARCH = YES;
				SDKROOT = iphoneos;
				SWIFT_ACTIVE_COMPILATION_CONDITIONS = DEBUG;
				SWIFT_OPTIMIZATION_LEVEL = "-Onone";
			};
			name = Debug;
		};
		761693D426F9F67300D56704 /* Release */ = {
			isa = XCBuildConfiguration;
			buildSettings = {
				ALWAYS_SEARCH_USER_PATHS = NO;
				CLANG_ANALYZER_NONNULL = YES;
				CLANG_ANALYZER_NUMBER_OBJECT_CONVERSION = YES_AGGRESSIVE;
				CLANG_CXX_LANGUAGE_STANDARD = "gnu++14";
				CLANG_CXX_LIBRARY = "libc++";
				CLANG_ENABLE_MODULES = YES;
				CLANG_ENABLE_OBJC_ARC = YES;
				CLANG_ENABLE_OBJC_WEAK = YES;
				CLANG_WARN_BLOCK_CAPTURE_AUTORELEASING = YES;
				CLANG_WARN_BOOL_CONVERSION = YES;
				CLANG_WARN_COMMA = YES;
				CLANG_WARN_CONSTANT_CONVERSION = YES;
				CLANG_WARN_DEPRECATED_OBJC_IMPLEMENTATIONS = YES;
				CLANG_WARN_DIRECT_OBJC_ISA_USAGE = YES_ERROR;
				CLANG_WARN_DOCUMENTATION_COMMENTS = YES;
				CLANG_WARN_EMPTY_BODY = YES;
				CLANG_WARN_ENUM_CONVERSION = YES;
				CLANG_WARN_INFINITE_RECURSION = YES;
				CLANG_WARN_INT_CONVERSION = YES;
				CLANG_WARN_NON_LITERAL_NULL_CONVERSION = YES;
				CLANG_WARN_OBJC_IMPLICIT_RETAIN_SELF = YES;
				CLANG_WARN_OBJC_LITERAL_CONVERSION = YES;
				CLANG_WARN_OBJC_ROOT_CLASS = YES_ERROR;
				CLANG_WARN_QUOTED_INCLUDE_IN_FRAMEWORK_HEADER = YES;
				CLANG_WARN_RANGE_LOOP_ANALYSIS = YES;
				CLANG_WARN_STRICT_PROTOTYPES = YES;
				CLANG_WARN_SUSPICIOUS_MOVE = YES;
				CLANG_WARN_UNGUARDED_AVAILABILITY = YES_AGGRESSIVE;
				CLANG_WARN_UNREACHABLE_CODE = YES;
				CLANG_WARN__DUPLICATE_METHOD_MATCH = YES;
				COPY_PHASE_STRIP = NO;
				DEBUG_INFORMATION_FORMAT = "dwarf-with-dsym";
				ENABLE_NS_ASSERTIONS = NO;
				ENABLE_STRICT_OBJC_MSGSEND = YES;
				GCC_C_LANGUAGE_STANDARD = gnu11;
				GCC_NO_COMMON_BLOCKS = YES;
				GCC_WARN_64_TO_32_BIT_CONVERSION = YES;
				GCC_WARN_ABOUT_RETURN_TYPE = YES_ERROR;
				GCC_WARN_UNDECLARED_SELECTOR = YES;
				GCC_WARN_UNINITIALIZED_AUTOS = YES_AGGRESSIVE;
				GCC_WARN_UNUSED_FUNCTION = YES;
				GCC_WARN_UNUSED_VARIABLE = YES;
				IPHONEOS_DEPLOYMENT_TARGET = 14.5;
				MTL_ENABLE_DEBUG_INFO = NO;
				MTL_FAST_MATH = YES;
				SDKROOT = iphoneos;
				SWIFT_COMPILATION_MODE = wholemodule;
				SWIFT_OPTIMIZATION_LEVEL = "-O";
				VALIDATE_PRODUCT = YES;
			};
			name = Release;
		};
		761693D626F9F67300D56704 /* Debug */ = {
			isa = XCBuildConfiguration;
			buildSettings = {
				ASSETCATALOG_COMPILER_APPICON_NAME = AppIcon;
				ASSETCATALOG_COMPILER_GLOBAL_ACCENT_COLOR_NAME = AccentColor;
				CODE_SIGN_STYLE = Automatic;
				DEVELOPMENT_TEAM = T4Y6Z96S69;
				INFOPLIST_FILE = "Favorite Movies/Info.plist";
				LD_RUNPATH_SEARCH_PATHS = (
					"$(inherited)",
					"@executable_path/Frameworks",
				);
				PRODUCT_BUNDLE_IDENTIFIER = "com.ironhack.Favorite-Movies";
				PRODUCT_NAME = "$(TARGET_NAME)";
				SWIFT_VERSION = 5.0;
				TARGETED_DEVICE_FAMILY = "1,2";
			};
			name = Debug;
		};
		761693D726F9F67300D56704 /* Release */ = {
			isa = XCBuildConfiguration;
			buildSettings = {
				ASSETCATALOG_COMPILER_APPICON_NAME = AppIcon;
				ASSETCATALOG_COMPILER_GLOBAL_ACCENT_COLOR_NAME = AccentColor;
				CODE_SIGN_STYLE = Automatic;
				DEVELOPMENT_TEAM = T4Y6Z96S69;
				INFOPLIST_FILE = "Favorite Movies/Info.plist";
				LD_RUNPATH_SEARCH_PATHS = (
					"$(inherited)",
					"@executable_path/Frameworks",
				);
				PRODUCT_BUNDLE_IDENTIFIER = "com.ironhack.Favorite-Movies";
				PRODUCT_NAME = "$(TARGET_NAME)";
				SWIFT_VERSION = 5.0;
				TARGETED_DEVICE_FAMILY = "1,2";
			};
			name = Release;
		};
/* End XCBuildConfiguration section */

/* Begin XCConfigurationList section */
		761693BC26F9F66F00D56704 /* Build configuration list for PBXProject "Favorite Movies" */ = {
			isa = XCConfigurationList;
			buildConfigurations = (
				761693D326F9F67300D56704 /* Debug */,
				761693D426F9F67300D56704 /* Release */,
			);
			defaultConfigurationIsVisible = 0;
			defaultConfigurationName = Release;
		};
		761693D526F9F67300D56704 /* Build configuration list for PBXNativeTarget "Favorite Movies" */ = {
			isa = XCConfigurationList;
			buildConfigurations = (
				761693D626F9F67300D56704 /* Debug */,
				761693D726F9F67300D56704 /* Release */,
			);
			defaultConfigurationIsVisible = 0;
			defaultConfigurationName = Release;
		};
/* End XCConfigurationList section */
	};
	rootObject = 761693B926F9F66F00D56704 /* Project object */;
}
